
Microsoft Visual Studio Solution File, Format Version 12.00
# Visual Studio Version 17
VisualStudioVersion = 17.13.35931.197 d17.13
MinimumVisualStudioVersion = 10.0.40219.1
Project("{FAE04EC0-301F-11D3-BF4B-00C04F79EFBC}") = "TransporteBoletos", "TransporteBoletos.csproj", "{DD0EFDCC-E147-4F7D-A09F-4F32FCFE6767}"
EndProject
Global
	GlobalSection(SolutionConfigurationPlatforms) = preSolution
		Debug|Any CPU = Debug|Any CPU
		Release|Any CPU = Release|Any CPU
	EndGlobalSection
	GlobalSection(ProjectConfigurationPlatforms) = postSolution
		{DD0EFDCC-E147-4F7D-A09F-4F32FCFE6767}.Debug|Any CPU.ActiveCfg = Debug|Any CPU
		{DD0EFDCC-E147-4F7D-A09F-4F32FCFE6767}.Debug|Any CPU.Build.0 = Debug|Any CPU
		{DD0EFDCC-E147-4F7D-A09F-4F32FCFE6767}.Release|Any CPU.ActiveCfg = Release|Any CPU
		{DD0EFDCC-E147-4F7D-A09F-4F32FCFE6767}.Release|Any CPU.Build.0 = Release|Any CPU
	EndGlobalSection
	GlobalSection(SolutionProperties) = preSolution
		HideSolutionNode = FALSE
	EndGlobalSection
	GlobalSection(ExtensibilityGlobals) = postSolution
		SolutionGuid = {85D41E86-A979-42D3-A03E-120C08E7FECE}
	EndGlobalSection
EndGlobal
